Microsoft Visual Studio Solution File, Format Version 12.00
# Visual Studio Version 17
VisualStudioVersion = 17.5.2.0
MinimumVisualStudioVersion = 10.0.40219.1
Project("{FAE04EC0-301F-11D3-BF4B-00C04F79EFBC}") = "StudentControl", "StudentControl\StudentControl.csproj", "{D367DC87-E541-E7F0-5832-8B4FF4E33170}"
EndProject
Global
	GlobalSection(SolutionConfigurationPlatforms) = preSolution
		Debug|Any CPU = Debug|Any CPU
		Release|Any CPU = Release|Any CPU
	EndGlobalSection
	GlobalSection(ProjectConfigurationPlatforms) = postSolution
		{D367DC87-E541-E7F0-5832-8B4FF4E33170}.Debug|Any CPU.ActiveCfg = Debug|Any CPU
		{D367DC87-E541-E7F0-5832-8B4FF4E33170}.Debug|Any CPU.Build.0 = Debug|Any CPU
		{D367DC87-E541-E7F0-5832-8B4FF4E33170}.Release|Any CPU.ActiveCfg = Release|Any CPU
		{D367DC87-E541-E7F0-5832-8B4FF4E33170}.Release|Any CPU.Build.0 = Release|Any CPU
	EndGlobalSection
	GlobalSection(SolutionProperties) = preSolution
		HideSolutionNode = FALSE
	EndGlobalSection
	GlobalSection(ExtensibilityGlobals) = postSolution
		SolutionGuid = {1BCBEF4A-7474-4354-AAB9-CDCD4C574D9E}
	EndGlobalSection
EndGlobal
